
Microsoft Visual Studio Solution File, Format Version 12.00
# Visual Studio 15
VisualStudioVersion = 15.0.28307.421
MinimumVisualStudioVersion = 10.0.40219.1
Project("{FAE04EC0-301F-11D3-BF4B-00C04F79EFBC}") = "MatrixProduct", "MatrixProduct\MatrixProduct.csproj", "{1273AE3F-6BD0-4FC7-BD36-DE13BF04D8D9}"
EndProject
Global
	GlobalSection(SolutionConfigurationPlatforms) = preSolution
		Debug|Any CPU = Debug|Any CPU
		Release|Any CPU = Release|Any CPU
	EndGlobalSection
	GlobalSection(ProjectConfigurationPlatforms) = postSolution
		{1273AE3F-6BD0-4FC7-BD36-DE13BF04D8D9}.Debug|Any CPU.ActiveCfg = Debug|Any CPU
		{1273AE3F-6BD0-4FC7-BD36-DE13BF04D8D9}.Debug|Any CPU.Build.0 = Debug|Any CPU
		{1273AE3F-6BD0-4FC7-BD36-DE13BF04D8D9}.Release|Any CPU.ActiveCfg = Release|Any CPU
		{1273AE3F-6BD0-4FC7-BD36-DE13BF04D8D9}.Release|Any CPU.Build.0 = Release|Any CPU
	EndGlobalSection
	GlobalSection(SolutionProperties) = preSolution
		HideSolutionNode = FALSE
	EndGlobalSection
	GlobalSection(ExtensibilityGlobals) = postSolution
		SolutionGuid = {95731093-F14E-4733-AA85-15D13D147C3B}
	EndGlobalSection
EndGlobal
